// !$*UTF8*$!
{
	archiveVersion = 1;
	classes = {
	};
	objectVersion = 56;
	objects = {

/* Begin PBXBuildFile section */
		D91F2B682B99BEF3000C034F /* CoreDataProjectApp.swift in Sources */ = {isa = PBXBuildFile; fileRef = D91F2B672B99BEF3000C034F /* CoreDataProjectApp.swift */; };
		D91F2B6A2B99BEF3000C034F /* MovieView.swift in Sources */ = {isa = PBXBuildFile; fileRef = D91F2B692B99BEF3000C034F /* MovieView.swift */; };
		D91F2B6C2B99BEF5000C034F /* Assets.xcassets in Resources */ = {isa = PBXBuildFile; fileRef = D91F2B6B2B99BEF5000C034F /* Assets.xcassets */; };
		D91F2B6F2B99BEF5000C034F /* Preview Assets.xcassets in Resources */ = {isa = PBXBuildFile; fileRef = D91F2B6E2B99BEF5000C034F /* Preview Assets.xcassets */; };
		D91F2B772B99BF4F000C034F /* MoviesDataModel.xcdatamodeld in Sources */ = {isa = PBXBuildFile; fileRef = D91F2B752B99BF4F000C034F /* MoviesDataModel.xcdatamodeld */; };
		D91F2B792B99C712000C034F /* Movie.swift in Sources */ = {isa = PBXBuildFile; fileRef = D91F2B782B99C712000C034F /* Movie.swift */; };
		D91F2B7D2B99C976000C034F /* MoviesProvider.swift in Sources */ = {isa = PBXBuildFile; fileRef = D91F2B7C2B99C976000C034F /* MoviesProvider.swift */; };
		D91F2B812B99CBF5000C034F /* Director.swift in Sources */ = {isa = PBXBuildFile; fileRef = D91F2B802B99CBF5000C034F /* Director.swift */; };
		D91F2B872B99CFA9000C034F /* MovieTile.swift in Sources */ = {isa = PBXBuildFile; fileRef = D91F2B862B99CFA9000C034F /* MovieTile.swift */; };
		D91F2B892B99D087000C034F /* MovieDetailView.swift in Sources */ = {isa = PBXBuildFile; fileRef = D91F2B882B99D087000C034F /* MovieDetailView.swift */; };
		D91F2B8C2B99D815000C034F /* CreateMovieView.swift in Sources */ = {isa = PBXBuildFile; fileRef = D91F2B8B2B99D815000C034F /* CreateMovieView.swift */; };
		D91F2B8E2B99F57F000C034F /* CategoryType.swift in Sources */ = {isa = PBXBuildFile; fileRef = D91F2B8D2B99F57F000C034F /* CategoryType.swift */; };
		D91F2B902B9A05D4000C034F /* CreateMovieViewModel.swift in Sources */ = {isa = PBXBuildFile; fileRef = D91F2B8F2B9A05D4000C034F /* CreateMovieViewModel.swift */; };
		D91F2B952B9A08B8000C034F /* MovieDetailViewModel.swift in Sources */ = {isa = PBXBuildFile; fileRef = D91F2B942B9A08B8000C034F /* MovieDetailViewModel.swift */; };
		D91F2B982B9A0AAA000C034F /* EditMovieViewModel.swift in Sources */ = {isa = PBXBuildFile; fileRef = D91F2B972B9A0AAA000C034F /* EditMovieViewModel.swift */; };
		D91F2B9A2B9A0AB1000C034F /* EditMovieView.swift in Sources */ = {isa = PBXBuildFile; fileRef = D91F2B992B9A0AB1000C034F /* EditMovieView.swift */; };
		D91F2B9C2B9A1243000C034F /* MovieViewModel.swift in Sources */ = {isa = PBXBuildFile; fileRef = D91F2B9B2B9A1243000C034F /* MovieViewModel.swift */; };
		D91F2B9F2B9A14FD000C034F /* Repository.swift in Sources */ = {isa = PBXBuildFile; fileRef = D91F2B9E2B9A14FD000C034F /* Repository.swift */; };
		D91F2BA62B9B6208000C034F /* Date+String.swift in Sources */ = {isa = PBXBuildFile; fileRef = D91F2BA52B9B6208000C034F /* Date+String.swift */; };
/* End PBXBuildFile section */

/* Begin PBXFileReference section */
		D91F2B642B99BEF3000C034F /* CoreDataProject.app */ = {isa = PBXFileReference; explicitFileType = wrapper.application; includeInIndex = 0; path = CoreDataProject.app; sourceTree = BUILT_PRODUCTS_DIR; };
		D91F2B672B99BEF3000C034F /* CoreDataProjectApp.swift */ = {isa = PBXFileReference; lastKnownFileType = sourcecode.swift; path = CoreDataProjectApp.swift; sourceTree = "<group>"; };
		D91F2B692B99BEF3000C034F /* MovieView.swift */ = {isa = PBXFileReference; lastKnownFileType = sourcecode.swift; path = MovieView.swift; sourceTree = "<group>"; };
		D91F2B6B2B99BEF5000C034F /* Assets.xcassets */ = {isa = PBXFileReference; lastKnownFileType = folder.assetcatalog; path = Assets.xcassets; sourceTree = "<group>"; };
		D91F2B6E2B99BEF5000C034F /* Preview Assets.xcassets */ = {isa = PBXFileReference; lastKnownFileType = folder.assetcatalog; path = "Preview Assets.xcassets"; sourceTree = "<group>"; };
		D91F2B762B99BF4F000C034F /* MoviesDataModel.xcdatamodel */ = {isa = PBXFileReference; lastKnownFileType = wrapper.xcdatamodel; path = MoviesDataModel.xcdatamodel; sourceTree = "<group>"; };
		D91F2B782B99C712000C034F /* Movie.swift */ = {isa = PBXFileReference; lastKnownFileType = sourcecode.swift; path = Movie.swift; sourceTree = "<group>"; };
		D91F2B7C2B99C976000C034F /* MoviesProvider.swift */ = {isa = PBXFileReference; lastKnownFileType = sourcecode.swift; path = MoviesProvider.swift; sourceTree = "<group>"; };
		D91F2B802B99CBF5000C034F /* Director.swift */ = {isa = PBXFileReference; lastKnownFileType = sourcecode.swift; path = Director.swift; sourceTree = "<group>"; };
		D91F2B862B99CFA9000C034F /* MovieTile.swift */ = {isa = PBXFileReference; lastKnownFileType = sourcecode.swift; path = MovieTile.swift; sourceTree = "<group>"; };
		D91F2B882B99D087000C034F /* MovieDetailView.swift */ = {isa = PBXFileReference; lastKnownFileType = sourcecode.swift; path = MovieDetailView.swift; sourceTree = "<group>"; };
		D91F2B8B2B99D815000C034F /* CreateMovieView.swift */ = {isa = PBXFileReference; lastKnownFileType = sourcecode.swift; path = CreateMovieView.swift; sourceTree = "<group>"; };
		D91F2B8D2B99F57F000C034F /* CategoryType.swift */ = {isa = PBXFileReference; lastKnownFileType = sourcecode.swift; path = CategoryType.swift; sourceTree = "<group>"; };
		D91F2B8F2B9A05D4000C034F /* CreateMovieViewModel.swift */ = {isa = PBXFileReference; lastKnownFileType = sourcecode.swift; path = CreateMovieViewModel.swift; sourceTree = "<group>"; };
		D91F2B942B9A08B8000C034F /* MovieDetailViewModel.swift */ = {isa = PBXFileReference; lastKnownFileType = sourcecode.swift; path = MovieDetailViewModel.swift; sourceTree = "<group>"; };
		D91F2B972B9A0AAA000C034F /* EditMovieViewModel.swift */ = {isa = PBXFileReference; lastKnownFileType = sourcecode.swift; path = EditMovieViewModel.swift; sourceTree = "<group>"; };
		D91F2B992B9A0AB1000C034F /* EditMovieView.swift */ = {isa = PBXFileReference; lastKnownFileType = sourcecode.swift; path = EditMovieView.swift; sourceTree = "<group>"; };
		D91F2B9B2B9A1243000C034F /* MovieViewModel.swift */ = {isa = PBXFileReference; lastKnownFileType = sourcecode.swift; path = MovieViewModel.swift; sourceTree = "<group>"; };
		D91F2B9E2B9A14FD000C034F /* Repository.swift */ = {isa = PBXFileReference; lastKnownFileType = sourcecode.swift; path = Repository.swift; sourceTree = "<group>"; };
		D91F2BA52B9B6208000C034F /* Date+String.swift */ = {isa = PBXFileReference; lastKnownFileType = sourcecode.swift; path = "Date+String.swift"; sourceTree = "<group>"; };
/* End PBXFileReference section */

/* Begin PBXFrameworksBuildPhase section */
		D91F2B612B99BEF3000C034F /* Frameworks */ = {
			isa = PBXFrameworksBuildPhase;
			buildActionMask = 2147483647;
			files = (
			);
			runOnlyForDeploymentPostprocessing = 0;
		};
/* End PBXFrameworksBuildPhase section */

/* Begin PBXGroup section */
		D91F2B5B2B99BEF3000C034F = {
			isa = PBXGroup;
			children = (
				D91F2B662B99BEF3000C034F /* CoreDataProject */,
				D91F2B652B99BEF3000C034F /* Products */,
			);
			sourceTree = "<group>";
		};
		D91F2B652B99BEF3000C034F /* Products */ = {
			isa = PBXGroup;
			children = (
				D91F2B642B99BEF3000C034F /* CoreDataProject.app */,
			);
			name = Products;
			sourceTree = "<group>";
		};
		D91F2B662B99BEF3000C034F /* CoreDataProject */ = {
			isa = PBXGroup;
			children = (
				D91F2BA42B9B61F2000C034F /* Extensions */,
				D91F2B7B2B99C95F000C034F /* MoviesProvider */,
				D91F2B7A2B99C75B000C034F /* Model */,
				D91F2B822B99CF5D000C034F /* View */,
				D91F2B9D2B9A14F5000C034F /* Repository */,
				D91F2B672B99BEF3000C034F /* CoreDataProjectApp.swift */,
				D91F2B752B99BF4F000C034F /* MoviesDataModel.xcdatamodeld */,
				D91F2B6B2B99BEF5000C034F /* Assets.xcassets */,
				D91F2B6D2B99BEF5000C034F /* Preview Content */,
			);
			path = CoreDataProject;
			sourceTree = "<group>";
		};
		D91F2B6D2B99BEF5000C034F /* Preview Content */ = {
			isa = PBXGroup;
			children = (
				D91F2B6E2B99BEF5000C034F /* Preview Assets.xcassets */,
			);
			path = "Preview Content";
			sourceTree = "<group>";
		};
		D91F2B7A2B99C75B000C034F /* Model */ = {
			isa = PBXGroup;
			children = (
				D91F2B782B99C712000C034F /* Movie.swift */,
				D91F2B802B99CBF5000C034F /* Director.swift */,
				D91F2B8D2B99F57F000C034F /* CategoryType.swift */,
			);
			path = Model;
			sourceTree = "<group>";
		};
		D91F2B7B2B99C95F000C034F /* MoviesProvider */ = {
			isa = PBXGroup;
			children = (
				D91F2B7C2B99C976000C034F /* MoviesProvider.swift */,
			);
			path = MoviesProvider;
			sourceTree = "<group>";
		};
		D91F2B822B99CF5D000C034F /* View */ = {
			isa = PBXGroup;
			children = (
				D91F2B962B9A0A96000C034F /* EditMovie */,
				D91F2B922B9A0872000C034F /* Movie */,
				D91F2B932B9A087F000C034F /* MovieDetail */,
				D91F2B912B9A05D7000C034F /* CreateMovie */,
				D91F2B832B99CF95000C034F /* Components */,
			);
			path = View;
			sourceTree = "<group>";
		};
		D91F2B832B99CF95000C034F /* Components */ = {
			isa = PBXGroup;
			children = (
				D91F2B862B99CFA9000C034F /* MovieTile.swift */,
			);
			path = Components;
			sourceTree = "<group>";
		};
		D91F2B912B9A05D7000C034F /* CreateMovie */ = {
			isa = PBXGroup;
			children = (
				D91F2B8B2B99D815000C034F /* CreateMovieView.swift */,
				D91F2B8F2B9A05D4000C034F /* CreateMovieViewModel.swift */,
			);
			path = CreateMovie;
			sourceTree = "<group>";
		};
		D91F2B922B9A0872000C034F /* Movie */ = {
			isa = PBXGroup;
			children = (
				D91F2B692B99BEF3000C034F /* MovieView.swift */,
				D91F2B9B2B9A1243000C034F /* MovieViewModel.swift */,
			);
			path = Movie;
			sourceTree = "<group>";
		};
		D91F2B932B9A087F000C034F /* MovieDetail */ = {
			isa = PBXGroup;
			children = (
				D91F2B882B99D087000C034F /* MovieDetailView.swift */,
				D91F2B942B9A08B8000C034F /* MovieDetailViewModel.swift */,
			);
			path = MovieDetail;
			sourceTree = "<group>";
		};
		D91F2B962B9A0A96000C034F /* EditMovie */ = {
			isa = PBXGroup;
			children = (
				D91F2B992B9A0AB1000C034F /* EditMovieView.swift */,
				D91F2B972B9A0AAA000C034F /* EditMovieViewModel.swift */,
			);
			path = EditMovie;
			sourceTree = "<group>";
		};
		D91F2B9D2B9A14F5000C034F /* Repository */ = {
			isa = PBXGroup;
			children = (
				D91F2B9E2B9A14FD000C034F /* Repository.swift */,
			);
			path = Repository;
			sourceTree = "<group>";
		};
		D91F2BA42B9B61F2000C034F /* Extensions */ = {
			isa = PBXGroup;
			children = (
				D91F2BA52B9B6208000C034F /* Date+String.swift */,
			);
			path = Extensions;
			sourceTree = "<group>";
		};
/* End PBXGroup section */

/* Begin PBXNativeTarget section */
		D91F2B632B99BEF3000C034F /* CoreDataProject */ = {
			isa = PBXNativeTarget;
			buildConfigurationList = D91F2B722B99BEF5000C034F /* Build configuration list for PBXNativeTarget "CoreDataProject" */;
			buildPhases = (
				D91F2B602B99BEF3000C034F /* Sources */,
				D91F2B612B99BEF3000C034F /* Frameworks */,
				D91F2B622B99BEF3000C034F /* Resources */,
			);
			buildRules = (
			);
			dependencies = (
			);
			name = CoreDataProject;
			productName = CoreDataProject;
			productReference = D91F2B642B99BEF3000C034F /* CoreDataProject.app */;
			productType = "com.apple.product-type.application";
		};
/* End PBXNativeTarget section */

/* Begin PBXProject section */
		D91F2B5C2B99BEF3000C034F /* Project object */ = {
			isa = PBXProject;
			attributes = {
				BuildIndependentTargetsInParallel = 1;
				LastSwiftUpdateCheck = 1520;
				LastUpgradeCheck = 1520;
				TargetAttributes = {
					D91F2B632B99BEF3000C034F = {
						CreatedOnToolsVersion = 15.2;
					};
				};
			};
			buildConfigurationList = D91F2B5F2B99BEF3000C034F /* Build configuration list for PBXProject "CoreDataProject" */;
			compatibilityVersion = "Xcode 14.0";
			developmentRegion = en;
			hasScannedForEncodings = 0;
			knownRegions = (
				en,
				Base,
			);
			mainGroup = D91F2B5B2B99BEF3000C034F;
			productRefGroup = D91F2B652B99BEF3000C034F /* Products */;
			projectDirPath = "";
			projectRoot = "";
			targets = (
				D91F2B632B99BEF3000C034F /* CoreDataProject */,
			);
		};
/* End PBXProject section */

/* Begin PBXResourcesBuildPhase section */
		D91F2B622B99BEF3000C034F /* Resources */ = {
			isa = PBXResourcesBuildPhase;
			buildActionMask = 2147483647;
			files = (
				D91F2B6F2B99BEF5000C034F /* Preview Assets.xcassets in Resources */,
				D91F2B6C2B99BEF5000C034F /* Assets.xcassets in Resources */,
			);
			runOnlyForDeploymentPostprocessing = 0;
		};
/* End PBXResourcesBuildPhase section */

/* Begin PBXSourcesBuildPhase section */
		D91F2B602B99BEF3000C034F /* Sources */ = {
			isa = PBXSourcesBuildPhase;
			buildActionMask = 2147483647;
			files = (
				D91F2B6A2B99BEF3000C034F /* MovieView.swift in Sources */,
				D91F2B7D2B99C976000C034F /* MoviesProvider.swift in Sources */,
				D91F2B902B9A05D4000C034F /* CreateMovieViewModel.swift in Sources */,
				D91F2B812B99CBF5000C034F /* Director.swift in Sources */,
				D91F2B8E2B99F57F000C034F /* CategoryType.swift in Sources */,
				D91F2B772B99BF4F000C034F /* MoviesDataModel.xcdatamodeld in Sources */,
				D91F2B792B99C712000C034F /* Movie.swift in Sources */,
				D91F2B682B99BEF3000C034F /* CoreDataProjectApp.swift in Sources */,
				D91F2BA62B9B6208000C034F /* Date+String.swift in Sources */,
				D91F2B952B9A08B8000C034F /* MovieDetailViewModel.swift in Sources */,
				D91F2B982B9A0AAA000C034F /* EditMovieViewModel.swift in Sources */,
				D91F2B892B99D087000C034F /* MovieDetailView.swift in Sources */,
				D91F2B9F2B9A14FD000C034F /* Repository.swift in Sources */,
				D91F2B9C2B9A1243000C034F /* MovieViewModel.swift in Sources */,
				D91F2B9A2B9A0AB1000C034F /* EditMovieView.swift in Sources */,
				D91F2B872B99CFA9000C034F /* MovieTile.swift in Sources */,
				D91F2B8C2B99D815000C034F /* CreateMovieView.swift in Sources */,
			);
			runOnlyForDeploymentPostprocessing = 0;
		};
/* End PBXSourcesBuildPhase section */

/* Begin XCBuildConfiguration section */
		D91F2B702B99BEF5000C034F /* Debug */ = {
			isa = XCBuildConfiguration;
			buildSettings = {
				ALWAYS_SEARCH_USER_PATHS = NO;
				ASSETCATALOG_COMPILER_GENERATE_SWIFT_ASSET_SYMBOL_EXTENSIONS = YES;
				CLANG_ANALYZER_NONNULL = YES;
				CLANG_ANALYZER_NUMBER_OBJECT_CONVERSION = YES_AGGRESSIVE;
				CLANG_CXX_LANGUAGE_STANDARD = "gnu++20";
				CLANG_ENABLE_MODULES = YES;
				CLANG_ENABLE_OBJC_ARC = YES;
				CLANG_ENABLE_OBJC_WEAK = YES;
				CLANG_WARN_BLOCK_CAPTURE_AUTORELEASING = YES;
				CLANG_WARN_BOOL_CONVERSION = YES;
				CLANG_WARN_COMMA = YES;
				CLANG_WARN_CONSTANT_CONVERSION = YES;
				CLANG_WARN_DEPRECATED_OBJC_IMPLEMENTATIONS = YES;
				CLANG_WARN_DIRECT_OBJC_ISA_USAGE = YES_ERROR;
				CLANG_WARN_DOCUMENTATION_COMMENTS = YES;
				CLANG_WARN_EMPTY_BODY = YES;
				CLANG_WARN_ENUM_CONVERSION = YES;
				CLANG_WARN_INFINITE_RECURSION = YES;
				CLANG_WARN_INT_CONVERSION = YES;
				CLANG_WARN_NON_LITERAL_NULL_CONVERSION = YES;
				CLANG_WARN_OBJC_IMPLICIT_RETAIN_SELF = YES;
				CLANG_WARN_OBJC_LITERAL_CONVERSION = YES;
				CLANG_WARN_OBJC_ROOT_CLASS = YES_ERROR;
				CLANG_WARN_QUOTED_INCLUDE_IN_FRAMEWORK_HEADER = YES;
				CLANG_WARN_RANGE_LOOP_ANALYSIS = YES;
				CLANG_WARN_STRICT_PROTOTYPES = YES;
				CLANG_WARN_SUSPICIOUS_MOVE = YES;
				CLANG_WARN_UNGUARDED_AVAILABILITY = YES_AGGRESSIVE;
				CLANG_WARN_UNREACHABLE_CODE = YES;
				CLANG_WARN__DUPLICATE_METHOD_MATCH = YES;
				COPY_PHASE_STRIP = NO;
				DEBUG_INFORMATION_FORMAT = dwarf;
				ENABLE_STRICT_OBJC_MSGSEND = YES;
				ENABLE_TESTABILITY = YES;
				ENABLE_USER_SCRIPT_SANDBOXING = YES;
				GCC_C_LANGUAGE_STANDARD = gnu17;
				GCC_DYNAMIC_NO_PIC = NO;
				GCC_NO_COMMON_BLOCKS = YES;
				GCC_OPTIMIZATION_LEVEL = 0;
				GCC_PREPROCESSOR_DEFINITIONS = (
					"DEBUG=1",
					"$(inherited)",
				);
				GCC_WARN_64_TO_32_BIT_CONVERSION = YES;
				GCC_WARN_ABOUT_RETURN_TYPE = YES_ERROR;
				GCC_WARN_UNDECLARED_SELECTOR = YES;
				GCC_WARN_UNINITIALIZED_AUTOS = YES_AGGRESSIVE;
				GCC_WARN_UNUSED_FUNCTION = YES;
				GCC_WARN_UNUSED_VARIABLE = YES;
				IPHONEOS_DEPLOYMENT_TARGET = 17.2;
				LOCALIZATION_PREFERS_STRING_CATALOGS = YES;
				MTL_ENABLE_DEBUG_INFO = INCLUDE_SOURCE;
				MTL_FAST_MATH = YES;
				ONLY_ACTIVE_ARCH = YES;
				SDKROOT = iphoneos;
				SWIFT_ACTIVE_COMPILATION_CONDITIONS = "DEBUG $(inherited)";
				SWIFT_OPTIMIZATION_LEVEL = "-Onone";
			};
			name = Debug;
		};
		D91F2B712B99BEF5000C034F /* Release */ = {
			isa = XCBuildConfiguration;
			buildSettings = {
				ALWAYS_SEARCH_USER_PATHS = NO;
				ASSETCATALOG_COMPILER_GENERATE_SWIFT_ASSET_SYMBOL_EXTENSIONS = YES;
				CLANG_ANALYZER_NONNULL = YES;
				CLANG_ANALYZER_NUMBER_OBJECT_CONVERSION = YES_AGGRESSIVE;
				CLANG_CXX_LANGUAGE_STANDARD = "gnu++20";
				CLANG_ENABLE_MODULES = YES;
				CLANG_ENABLE_OBJC_ARC = YES;
				CLANG_ENABLE_OBJC_WEAK = YES;
				CLANG_WARN_BLOCK_CAPTURE_AUTORELEASING = YES;
				CLANG_WARN_BOOL_CONVERSION = YES;
				CLANG_WARN_COMMA = YES;
				CLANG_WARN_CONSTANT_CONVERSION = YES;
				CLANG_WARN_DEPRECATED_OBJC_IMPLEMENTATIONS = YES;
				CLANG_WARN_DIRECT_OBJC_ISA_USAGE = YES_ERROR;
				CLANG_WARN_DOCUMENTATION_COMMENTS = YES;
				CLANG_WARN_EMPTY_BODY = YES;
				CLANG_WARN_ENUM_CONVERSION = YES;
				CLANG_WARN_INFINITE_RECURSION = YES;
				CLANG_WARN_INT_CONVERSION = YES;
				CLANG_WARN_NON_LITERAL_NULL_CONVERSION = YES;
				CLANG_WARN_OBJC_IMPLICIT_RETAIN_SELF = YES;
				CLANG_WARN_OBJC_LITERAL_CONVERSION = YES;
				CLANG_WARN_OBJC_ROOT_CLASS = YES_ERROR;
				CLANG_WARN_QUOTED_INCLUDE_IN_FRAMEWORK_HEADER = YES;
				CLANG_WARN_RANGE_LOOP_ANALYSIS = YES;
				CLANG_WARN_STRICT_PROTOTYPES = YES;
				CLANG_WARN_SUSPICIOUS_MOVE = YES;
				CLANG_WARN_UNGUARDED_AVAILABILITY = YES_AGGRESSIVE;
				CLANG_WARN_UNREACHABLE_CODE = YES;
				CLANG_WARN__DUPLICATE_METHOD_MATCH = YES;
				COPY_PHASE_STRIP = NO;
				DEBUG_INFORMATION_FORMAT = "dwarf-with-dsym";
				ENABLE_NS_ASSERTIONS = NO;
				ENABLE_STRICT_OBJC_MSGSEND = YES;
				ENABLE_USER_SCRIPT_SANDBOXING = YES;
				GCC_C_LANGUAGE_STANDARD = gnu17;
				GCC_NO_COMMON_BLOCKS = YES;
				GCC_WARN_64_TO_32_BIT_CONVERSION = YES;
				GCC_WARN_ABOUT_RETURN_TYPE = YES_ERROR;
				GCC_WARN_UNDECLARED_SELECTOR = YES;
				GCC_WARN_UNINITIALIZED_AUTOS = YES_AGGRESSIVE;
				GCC_WARN_UNUSED_FUNCTION = YES;
				GCC_WARN_UNUSED_VARIABLE = YES;
				IPHONEOS_DEPLOYMENT_TARGET = 17.2;
				LOCALIZATION_PREFERS_STRING_CATALOGS = YES;
				MTL_ENABLE_DEBUG_INFO = NO;
				MTL_FAST_MATH = YES;
				SDKROOT = iphoneos;
				SWIFT_COMPILATION_MODE = wholemodule;
				VALIDATE_PRODUCT = YES;
			};
			name = Release;
		};
		D91F2B732B99BEF5000C034F /* Debug */ = {
			isa = XCBuildConfiguration;
			buildSettings = {
				ASSETCATALOG_COMPILER_APPICON_NAME = AppIcon;
				ASSETCATALOG_COMPILER_GLOBAL_ACCENT_COLOR_NAME = AccentColor;
				CODE_SIGN_STYLE = Automatic;
				CURRENT_PROJECT_VERSION = 1;
				DEVELOPMENT_ASSET_PATHS = "\"CoreDataProject/Preview Content\"";
				DEVELOPMENT_TEAM = MG8DTPV84D;
				ENABLE_PREVIEWS = YES;
				GENERATE_INFOPLIST_FILE = YES;
				INFOPLIST_KEY_UIApplicationSceneManifest_Generation = YES;
				INFOPLIST_KEY_UIApplicationSupportsIndirectInputEvents = YES;
				INFOPLIST_KEY_UILaunchScreen_Generation = YES;
				INFOPLIST_KEY_UISupportedInterfaceOrientations_iPad = "UIInterfaceOrientationPortrait UIInterfaceOrientationPortraitUpsideDown UIInterfaceOrientationLandscapeLeft UIInterfaceOrientationLandscapeRight";
				INFOPLIST_KEY_UISupportedInterfaceOrientations_iPhone = "UIInterfaceOrientationPortrait UIInterfaceOrientationLandscapeLeft UIInterfaceOrientationLandscapeRight";
				LD_RUNPATH_SEARCH_PATHS = (
					"$(inherited)",
					"@executable_path/Frameworks",
				);
				MARKETING_VERSION = 1.0;
				PRODUCT_BUNDLE_IDENTIFIER = com.ThibaultGodefroy.CoreDataProject;
				PRODUCT_NAME = "$(TARGET_NAME)";
				SWIFT_EMIT_LOC_STRINGS = YES;
				SWIFT_VERSION = 5.0;
				TARGETED_DEVICE_FAMILY = "1,2";
			};
			name = Debug;
		};
		D91F2B742B99BEF5000C034F /* Release */ = {
			isa = XCBuildConfiguration;
			buildSettings = {
				ASSETCATALOG_COMPILER_APPICON_NAME = AppIcon;
				ASSETCATALOG_COMPILER_GLOBAL_ACCENT_COLOR_NAME = AccentColor;
				CODE_SIGN_STYLE = Automatic;
				CURRENT_PROJECT_VERSION = 1;
				DEVELOPMENT_ASSET_PATHS = "\"CoreDataProject/Preview Content\"";
				DEVELOPMENT_TEAM = MG8DTPV84D;
				ENABLE_PREVIEWS = YES;
				GENERATE_INFOPLIST_FILE = YES;
				INFOPLIST_KEY_UIApplicationSceneManifest_Generation = YES;
				INFOPLIST_KEY_UIApplicationSupportsIndirectInputEvents = YES;
				INFOPLIST_KEY_UILaunchScreen_Generation = YES;
				INFOPLIST_KEY_UISupportedInterfaceOrientations_iPad = "UIInterfaceOrientationPortrait UIInterfaceOrientationPortraitUpsideDown UIInterfaceOrientationLandscapeLeft UIInterfaceOrientationLandscapeRight";
				INFOPLIST_KEY_UISupportedInterfaceOrientations_iPhone = "UIInterfaceOrientationPortrait UIInterfaceOrientationLandscapeLeft UIInterfaceOrientationLandscapeRight";
				LD_RUNPATH_SEARCH_PATHS = (
					"$(inherited)",
					"@executable_path/Frameworks",
				);
				MARKETING_VERSION = 1.0;
				PRODUCT_BUNDLE_IDENTIFIER = com.ThibaultGodefroy.CoreDataProject;
				PRODUCT_NAME = "$(TARGET_NAME)";
				SWIFT_EMIT_LOC_STRINGS = YES;
				SWIFT_VERSION = 5.0;
				TARGETED_DEVICE_FAMILY = "1,2";
			};
			name = Release;
		};
/* End XCBuildConfiguration section */

/* Begin XCConfigurationList section */
		D91F2B5F2B99BEF3000C034F /* Build configuration list for PBXProject "CoreDataProject" */ = {
			isa = XCConfigurationList;
			buildConfigurations = (
				D91F2B702B99BEF5000C034F /* Debug */,
				D91F2B712B99BEF5000C034F /* Release */,
			);
			defaultConfigurationIsVisible = 0;
			defaultConfigurationName = Release;
		};
		D91F2B722B99BEF5000C034F /* Build configuration list for PBXNativeTarget "CoreDataProject" */ = {
			isa = XCConfigurationList;
			buildConfigurations = (
				D91F2B732B99BEF5000C034F /* Debug */,
				D91F2B742B99BEF5000C034F /* Release */,
			);
			defaultConfigurationIsVisible = 0;
			defaultConfigurationName = Release;
		};
/* End XCConfigurationList section */

/* Begin XCVersionGroup section */
		D91F2B752B99BF4F000C034F /* MoviesDataModel.xcdatamodeld */ = {
			isa = XCVersionGroup;
			children = (
				D91F2B762B99BF4F000C034F /* MoviesDataModel.xcdatamodel */,
			);
			currentVersion = D91F2B762B99BF4F000C034F /* MoviesDataModel.xcdatamodel */;
			path = MoviesDataModel.xcdatamodeld;
			sourceTree = "<group>";
			versionGroupType = wrapper.xcdatamodel;
		};
/* End XCVersionGroup section */
	};
	rootObject = D91F2B5C2B99BEF3000C034F /* Project object */;
}
